
Microsoft Visual Studio Solution File, Format Version 12.00
# Visual Studio Version 17
VisualStudioVersion = 17.14.36811.4 d17.14
MinimumVisualStudioVersion = 10.0.40219.1
Project("{FAE04EC0-301F-11D3-BF4B-00C04F79EFBC}") = "SocialMediaApi", "SocialMediaApi\SocialMediaApi.csproj", "{2E7AF8AE-53F8-499E-BC32-E654A580DDCC}"
EndProject
Project("{FAE04EC0-301F-11D3-BF4B-00C04F79EFBC}") = "SocialMedia.Domain", "SocialMedia.Domain\SocialMedia.Domain.csproj", "{94395E17-E7A8-42C0-8F7F-B2D0C5E99771}"
EndProject
Project("{FAE04EC0-301F-11D3-BF4B-00C04F79EFBC}") = "SocialMedia.Application", "SocialMedia.Application\SocialMedia.Application.csproj", "{2C2B48B6-786C-4878-BA35-DED982837A97}"
EndProject
Project("{FAE04EC0-301F-11D3-BF4B-00C04F79EFBC}") = "SocialMedia.Infrastructure", "SocialMedia.Infrastructure\SocialMedia.Infrastructure.csproj", "{225EFE2C-6AE9-43A3-9426-02C62CE7B8DC}"
EndProject
Global
	GlobalSection(SolutionConfigurationPlatforms) = preSolution
		Debug|Any CPU = Debug|Any CPU
		Release|Any CPU = Release|Any CPU
	EndGlobalSection
	GlobalSection(ProjectConfigurationPlatforms) = postSolution
		{2E7AF8AE-53F8-499E-BC32-E654A580DDCC}.Debug|Any CPU.ActiveCfg = Debug|Any CPU
		{2E7AF8AE-53F8-499E-BC32-E654A580DDCC}.Debug|Any CPU.Build.0 = Debug|Any CPU
		{2E7AF8AE-53F8-499E-BC32-E654A580DDCC}.Release|Any CPU.ActiveCfg = Release|Any CPU
		{2E7AF8AE-53F8-499E-BC32-E654A580DDCC}.Release|Any CPU.Build.0 = Release|Any CPU
		{94395E17-E7A8-42C0-8F7F-B2D0C5E99771}.Debug|Any CPU.ActiveCfg = Debug|Any CPU
		{94395E17-E7A8-42C0-8F7F-B2D0C5E99771}.Debug|Any CPU.Build.0 = Debug|Any CPU
		{94395E17-E7A8-42C0-8F7F-B2D0C5E99771}.Release|Any CPU.ActiveCfg = Release|Any CPU
		{94395E17-E7A8-42C0-8F7F-B2D0C5E99771}.Release|Any CPU.Build.0 = Release|Any CPU
		{2C2B48B6-786C-4878-BA35-DED982837A97}.Debug|Any CPU.ActiveCfg = Debug|Any CPU
		{2C2B48B6-786C-4878-BA35-DED982837A97}.Debug|Any CPU.Build.0 = Debug|Any CPU
		{2C2B48B6-786C-4878-BA35-DED982837A97}.Release|Any CPU.ActiveCfg = Release|Any CPU
		{2C2B48B6-786C-4878-BA35-DED982837A97}.Release|Any CPU.Build.0 = Release|Any CPU
		{225EFE2C-6AE9-43A3-9426-02C62CE7B8DC}.Debug|Any CPU.ActiveCfg = Debug|Any CPU
		{225EFE2C-6AE9-43A3-9426-02C62CE7B8DC}.Debug|Any CPU.Build.0 = Debug|Any CPU
		{225EFE2C-6AE9-43A3-9426-02C62CE7B8DC}.Release|Any CPU.ActiveCfg = Release|Any CPU
		{225EFE2C-6AE9-43A3-9426-02C62CE7B8DC}.Release|Any CPU.Build.0 = Release|Any CPU
	EndGlobalSection
	GlobalSection(SolutionProperties) = preSolution
		HideSolutionNode = FALSE
	EndGlobalSection
	GlobalSection(ExtensibilityGlobals) = postSolution
		SolutionGuid = {63FA075C-B4B0-43AC-B52A-4DBF90216337}
	EndGlobalSection
EndGlobal
